{
  "name": "webhooks",
  "version": "1.0.0",
  "lockfileVersion": 2,
  "requires": true,
  "packages": {
    "": {
      "name": "webhooks",
      "version": "1.0.0",
      "license": "ISC",
      "dependencies": {
        "@octokit/webhooks-definitions": "latest"
      }
    },
    "node_modules/@octokit/webhooks-definitions": {
      "version": "3.67.3",
      "resolved": "https://registry.npmjs.org/@octokit/webhooks-definitions/-/webhooks-definitions-3.67.3.tgz",
      "integrity": "sha512-do4Z1r2OVhuI0ihJhQ8Hg+yPWnBYEBNuFNCrvtPKoYT1w81jD7pBXgGe86lYuuNirkDHb0Nxt+zt4O5GiFJfgA==",
      "deprecated": "Use @octokit/webhooks-types, @octokit/webhooks-schemas, or @octokit/webhooks-examples instead. See https://github.com/octokit/webhooks/issues/447"
    }
  },
  "dependencies": {
    "@octokit/webhooks-definitions": {
      "version": "3.67.3",
      "resolved": "https://registry.npmjs.org/@octokit/webhooks-definitions/-/webhooks-definitions-3.67.3.tgz",
      "integrity": "sha512-do4Z1r2OVhuI0ihJhQ8Hg+yPWnBYEBNuFNCrvtPKoYT1w81jD7pBXgGe86lYuuNirkDHb0Nxt+zt4O5GiFJfgA=="
    }
  }
}
